// !$*UTF8*$!
{
	archiveVersion = 1;
	classes = {
	};
	objectVersion = 56;
	objects = {

/* Begin PBXBuildFile section */
		77DFF5972B1E0A830034C519 /* AppDelegate.swift in Sources */ = {isa = PBXBuildFile; fileRef = 77DFF5962B1E0A830034C519 /* AppDelegate.swift */; };
		77DFF5992B1E0A830034C519 /* SceneDelegate.swift in Sources */ = {isa = PBXBuildFile; fileRef = 77DFF5982B1E0A830034C519 /* SceneDelegate.swift */; };
		77DFF59B2B1E0A830034C519 /* TodayViewController.swift in Sources */ = {isa = PBXBuildFile; fileRef = 77DFF59A2B1E0A830034C519 /* TodayViewController.swift */; };
		77DFF5A02B1E0A840034C519 /* Assets.xcassets in Resources */ = {isa = PBXBuildFile; fileRef = 77DFF59F2B1E0A840034C519 /* Assets.xcassets */; };
		77DFF5A32B1E0A840034C519 /* LaunchScreen.storyboard in Resources */ = {isa = PBXBuildFile; fileRef = 77DFF5A12B1E0A840034C519 /* LaunchScreen.storyboard */; };
		77DFF5AE2B1E0A850034C519 /* sweetRainTests.swift in Sources */ = {isa = PBXBuildFile; fileRef = 77DFF5AD2B1E0A850034C519 /* sweetRainTests.swift */; };
		77DFF5B82B1E0A850034C519 /* sweetRainUITests.swift in Sources */ = {isa = PBXBuildFile; fileRef = 77DFF5B72B1E0A850034C519 /* sweetRainUITests.swift */; };
		77DFF5BA2B1E0A850034C519 /* sweetRainUITestsLaunchTests.swift in Sources */ = {isa = PBXBuildFile; fileRef = 77DFF5B92B1E0A850034C519 /* sweetRainUITestsLaunchTests.swift */; };
		77DFF5CC2B1E210D0034C519 /* CustomSegmentedControllerView.swift in Sources */ = {isa = PBXBuildFile; fileRef = 77DFF5CB2B1E210D0034C519 /* CustomSegmentedControllerView.swift */; };
		77DFF5CE2B1E211D0034C519 /* NetworkService.swift in Sources */ = {isa = PBXBuildFile; fileRef = 77DFF5CD2B1E211D0034C519 /* NetworkService.swift */; };
		77DFF5D02B1E21290034C519 /* Util.swift in Sources */ = {isa = PBXBuildFile; fileRef = 77DFF5CF2B1E21290034C519 /* Util.swift */; };
		77DFF5D52B1E21D00034C519 /* WeeklyViewController.swift in Sources */ = {isa = PBXBuildFile; fileRef = 77DFF5D42B1E21D00034C519 /* WeeklyViewController.swift */; };
		77DFF5D72B1E21E40034C519 /* SettingViewController.swift in Sources */ = {isa = PBXBuildFile; fileRef = 77DFF5D62B1E21E40034C519 /* SettingViewController.swift */; };
		77DFF5DA2B1E23D30034C519 /* SnapKit in Frameworks */ = {isa = PBXBuildFile; productRef = 77DFF5D92B1E23D30034C519 /* SnapKit */; };
		77DFF5DC2B1E26420034C519 /* WeatherCollectionView.swift in Sources */ = {isa = PBXBuildFile; fileRef = 77DFF5DB2B1E26420034C519 /* WeatherCollectionView.swift */; };
		77DFF5DF2B1E29780034C519 /* UICollectionViewCell+.swift in Sources */ = {isa = PBXBuildFile; fileRef = 77DFF5DE2B1E29780034C519 /* UICollectionViewCell+.swift */; };
		77EA28B52B1F0D3E007E0559 /* CurrentWeather.swift in Sources */ = {isa = PBXBuildFile; fileRef = 77EA28B42B1F0D3E007E0559 /* CurrentWeather.swift */; };
		77EA28B72B1F0D5C007E0559 /* WeeklyWeather.swift in Sources */ = {isa = PBXBuildFile; fileRef = 77EA28B62B1F0D5C007E0559 /* WeeklyWeather.swift */; };
		77EA28B92B1F1DD4007E0559 /* UIColor+.swift in Sources */ = {isa = PBXBuildFile; fileRef = 77EA28B82B1F1DD4007E0559 /* UIColor+.swift */; };
		77EA28BB2B1F3FED007E0559 /* TodayViewModel.swift in Sources */ = {isa = PBXBuildFile; fileRef = 77EA28BA2B1F3FEC007E0559 /* TodayViewModel.swift */; };
		77EA28BD2B1F3FF7007E0559 /* WeeklyViewModel.swift in Sources */ = {isa = PBXBuildFile; fileRef = 77EA28BC2B1F3FF7007E0559 /* WeeklyViewModel.swift */; };
		77EA28BF2B1F4004007E0559 /* SettingViewModel.swift in Sources */ = {isa = PBXBuildFile; fileRef = 77EA28BE2B1F4004007E0559 /* SettingViewModel.swift */; };
		77EA28C32B1F40AF007E0559 /* TodayView.swift in Sources */ = {isa = PBXBuildFile; fileRef = 77EA28C22B1F40AF007E0559 /* TodayView.swift */; };
		77EA28C52B1F43A5007E0559 /* CustomLabel.swift in Sources */ = {isa = PBXBuildFile; fileRef = 77EA28C42B1F43A5007E0559 /* CustomLabel.swift */; };
		77EA28D42B1F4662007E0559 /* D2Coding-Bold.ttf in Resources */ = {isa = PBXBuildFile; fileRef = 77EA28D22B1F4662007E0559 /* D2Coding-Bold.ttf */; };
		77EA28D52B1F4662007E0559 /* D2Coding-Regular.ttf in Resources */ = {isa = PBXBuildFile; fileRef = 77EA28D32B1F4662007E0559 /* D2Coding-Regular.ttf */; };
		77EA28D72B1F4741007E0559 /* UIFont+.swift in Sources */ = {isa = PBXBuildFile; fileRef = 77EA28D62B1F4741007E0559 /* UIFont+.swift */; };
		77EA28D92B1F5235007E0559 /* CustomWeatherView.swift in Sources */ = {isa = PBXBuildFile; fileRef = 77EA28D82B1F5235007E0559 /* CustomWeatherView.swift */; };
		77EA28DB2B1F5845007E0559 /* WeatherCollectionViewCell.swift in Sources */ = {isa = PBXBuildFile; fileRef = 77EA28DA2B1F5845007E0559 /* WeatherCollectionViewCell.swift */; };
/* End PBXBuildFile section */

/* Begin PBXContainerItemProxy section */
		77DFF5AA2B1E0A850034C519 /* PBXContainerItemProxy */ = {
			isa = PBXContainerItemProxy;
			containerPortal = 77DFF58B2B1E0A830034C519 /* Project object */;
			proxyType = 1;
			remoteGlobalIDString = 77DFF5922B1E0A830034C519;
			remoteInfo = sweetRain;
		};
		77DFF5B42B1E0A850034C519 /* PBXContainerItemProxy */ = {
			isa = PBXContainerItemProxy;
			containerPortal = 77DFF58B2B1E0A830034C519 /* Project object */;
			proxyType = 1;
			remoteGlobalIDString = 77DFF5922B1E0A830034C519;
			remoteInfo = sweetRain;
		};
/* End PBXContainerItemProxy section */

/* Begin PBXFileReference section */
		77DFF5932B1E0A830034C519 /* sweetRain.app */ = {isa = PBXFileReference; explicitFileType = wrapper.application; includeInIndex = 0; path = sweetRain.app; sourceTree = BUILT_PRODUCTS_DIR; };
		77DFF5962B1E0A830034C519 /* AppDelegate.swift */ = {isa = PBXFileReference; lastKnownFileType = sourcecode.swift; path = AppDelegate.swift; sourceTree = "<group>"; };
		77DFF5982B1E0A830034C519 /* SceneDelegate.swift */ = {isa = PBXFileReference; lastKnownFileType = sourcecode.swift; path = SceneDelegate.swift; sourceTree = "<group>"; };
		77DFF59A2B1E0A830034C519 /* TodayViewController.swift */ = {isa = PBXFileReference; lastKnownFileType = sourcecode.swift; path = TodayViewController.swift; sourceTree = "<group>"; };
		77DFF59F2B1E0A840034C519 /* Assets.xcassets */ = {isa = PBXFileReference; lastKnownFileType = folder.assetcatalog; path = Assets.xcassets; sourceTree = "<group>"; };
		77DFF5A22B1E0A840034C519 /* Base */ = {isa = PBXFileReference; lastKnownFileType = file.storyboard; name = Base; path = Base.lproj/LaunchScreen.storyboard; sourceTree = "<group>"; };
		77DFF5A42B1E0A840034C519 /* Info.plist */ = {isa = PBXFileReference; lastKnownFileType = text.plist.xml; path = Info.plist; sourceTree = "<group>"; };
		77DFF5A92B1E0A850034C519 /* sweetRainTests.xctest */ = {isa = PBXFileReference; explicitFileType = wrapper.cfbundle; includeInIndex = 0; path = sweetRainTests.xctest; sourceTree = BUILT_PRODUCTS_DIR; };
		77DFF5AD2B1E0A850034C519 /* sweetRainTests.swift */ = {isa = PBXFileReference; lastKnownFileType = sourcecode.swift; path = sweetRainTests.swift; sourceTree = "<group>"; };
		77DFF5B32B1E0A850034C519 /* sweetRainUITests.xctest */ = {isa = PBXFileReference; explicitFileType = wrapper.cfbundle; includeInIndex = 0; path = sweetRainUITests.xctest; sourceTree = BUILT_PRODUCTS_DIR; };
		77DFF5B72B1E0A850034C519 /* sweetRainUITests.swift */ = {isa = PBXFileReference; lastKnownFileType = sourcecode.swift; path = sweetRainUITests.swift; sourceTree = "<group>"; };
		77DFF5B92B1E0A850034C519 /* sweetRainUITestsLaunchTests.swift */ = {isa = PBXFileReference; lastKnownFileType = sourcecode.swift; path = sweetRainUITestsLaunchTests.swift; sourceTree = "<group>"; };
		77DFF5CB2B1E210D0034C519 /* CustomSegmentedControllerView.swift */ = {isa = PBXFileReference; lastKnownFileType = sourcecode.swift; path = CustomSegmentedControllerView.swift; sourceTree = "<group>"; };
		77DFF5CD2B1E211D0034C519 /* NetworkService.swift */ = {isa = PBXFileReference; lastKnownFileType = sourcecode.swift; path = NetworkService.swift; sourceTree = "<group>"; };
		77DFF5CF2B1E21290034C519 /* Util.swift */ = {isa = PBXFileReference; lastKnownFileType = sourcecode.swift; path = Util.swift; sourceTree = "<group>"; };
		77DFF5D42B1E21D00034C519 /* WeeklyViewController.swift */ = {isa = PBXFileReference; lastKnownFileType = sourcecode.swift; path = WeeklyViewController.swift; sourceTree = "<group>"; };
		77DFF5D62B1E21E40034C519 /* SettingViewController.swift */ = {isa = PBXFileReference; lastKnownFileType = sourcecode.swift; path = SettingViewController.swift; sourceTree = "<group>"; };
		77DFF5DB2B1E26420034C519 /* WeatherCollectionView.swift */ = {isa = PBXFileReference; lastKnownFileType = sourcecode.swift; path = WeatherCollectionView.swift; sourceTree = "<group>"; };
		77DFF5DE2B1E29780034C519 /* UICollectionViewCell+.swift */ = {isa = PBXFileReference; lastKnownFileType = sourcecode.swift; path = "UICollectionViewCell+.swift"; sourceTree = "<group>"; };
		77EA28B42B1F0D3E007E0559 /* CurrentWeather.swift */ = {isa = PBXFileReference; lastKnownFileType = sourcecode.swift; path = CurrentWeather.swift; sourceTree = "<group>"; };
		77EA28B62B1F0D5C007E0559 /* WeeklyWeather.swift */ = {isa = PBXFileReference; lastKnownFileType = sourcecode.swift; path = WeeklyWeather.swift; sourceTree = "<group>"; };
		77EA28B82B1F1DD4007E0559 /* UIColor+.swift */ = {isa = PBXFileReference; lastKnownFileType = sourcecode.swift; path = "UIColor+.swift"; sourceTree = "<group>"; };
		77EA28BA2B1F3FEC007E0559 /* TodayViewModel.swift */ = {isa = PBXFileReference; lastKnownFileType = sourcecode.swift; path = TodayViewModel.swift; sourceTree = "<group>"; };
		77EA28BC2B1F3FF7007E0559 /* WeeklyViewModel.swift */ = {isa = PBXFileReference; lastKnownFileType = sourcecode.swift; path = WeeklyViewModel.swift; sourceTree = "<group>"; };
		77EA28BE2B1F4004007E0559 /* SettingViewModel.swift */ = {isa = PBXFileReference; lastKnownFileType = sourcecode.swift; path = SettingViewModel.swift; sourceTree = "<group>"; };
		77EA28C22B1F40AF007E0559 /* TodayView.swift */ = {isa = PBXFileReference; lastKnownFileType = sourcecode.swift; path = TodayView.swift; sourceTree = "<group>"; };
		77EA28C42B1F43A5007E0559 /* CustomLabel.swift */ = {isa = PBXFileReference; lastKnownFileType = sourcecode.swift; path = CustomLabel.swift; sourceTree = "<group>"; };
		77EA28D22B1F4662007E0559 /* D2Coding-Bold.ttf */ = {isa = PBXFileReference; lastKnownFileType = file; name = "D2Coding-Bold.ttf"; path = "../../../../../Downloads/D2Coding-Bold.ttf"; sourceTree = "<group>"; };
		77EA28D32B1F4662007E0559 /* D2Coding-Regular.ttf */ = {isa = PBXFileReference; lastKnownFileType = file; name = "D2Coding-Regular.ttf"; path = "../../../../../Downloads/D2Coding-Regular.ttf"; sourceTree = "<group>"; };
		77EA28D62B1F4741007E0559 /* UIFont+.swift */ = {isa = PBXFileReference; lastKnownFileType = sourcecode.swift; path = "UIFont+.swift"; sourceTree = "<group>"; };
		77EA28D82B1F5235007E0559 /* CustomWeatherView.swift */ = {isa = PBXFileReference; lastKnownFileType = sourcecode.swift; path = CustomWeatherView.swift; sourceTree = "<group>"; };
		77EA28DA2B1F5845007E0559 /* WeatherCollectionViewCell.swift */ = {isa = PBXFileReference; lastKnownFileType = sourcecode.swift; path = WeatherCollectionViewCell.swift; sourceTree = "<group>"; };
/* End PBXFileReference section */

/* Begin PBXFrameworksBuildPhase section */
		77DFF5902B1E0A830034C519 /* Frameworks */ = {
			isa = PBXFrameworksBuildPhase;
			buildActionMask = 2147483647;
			files = (
				77DFF5DA2B1E23D30034C519 /* SnapKit in Frameworks */,
			);
			runOnlyForDeploymentPostprocessing = 0;
		};
		77DFF5A62B1E0A850034C519 /* Frameworks */ = {
			isa = PBXFrameworksBuildPhase;
			buildActionMask = 2147483647;
			files = (
			);
			runOnlyForDeploymentPostprocessing = 0;
		};
		77DFF5B02B1E0A850034C519 /* Frameworks */ = {
			isa = PBXFrameworksBuildPhase;
			buildActionMask = 2147483647;
			files = (
			);
			runOnlyForDeploymentPostprocessing = 0;
		};
/* End PBXFrameworksBuildPhase section */

/* Begin PBXGroup section */
		77DFF58A2B1E0A830034C519 = {
			isa = PBXGroup;
			children = (
				77DFF5952B1E0A830034C519 /* sweetRain */,
				77DFF5AC2B1E0A850034C519 /* sweetRainTests */,
				77DFF5B62B1E0A850034C519 /* sweetRainUITests */,
				77DFF5942B1E0A830034C519 /* Products */,
			);
			sourceTree = "<group>";
		};
		77DFF5942B1E0A830034C519 /* Products */ = {
			isa = PBXGroup;
			children = (
				77DFF5932B1E0A830034C519 /* sweetRain.app */,
				77DFF5A92B1E0A850034C519 /* sweetRainTests.xctest */,
				77DFF5B32B1E0A850034C519 /* sweetRainUITests.xctest */,
			);
			name = Products;
			sourceTree = "<group>";
		};
		77DFF5952B1E0A830034C519 /* sweetRain */ = {
			isa = PBXGroup;
			children = (
				77DFF5DD2B1E29650034C519 /* Extension */,
				77DFF5CA2B1E20960034C519 /* Utils */,
				77DFF5C82B1E20850034C519 /* Service */,
				77DFF5C62B1E20570034C519 /* Shared */,
				77EA28B32B1F0D24007E0559 /* Model */,
				77DFF5C72B1E205F0034C519 /* Scene */,
				77EA28D12B1F4644007E0559 /* Resource */,
			);
			path = sweetRain;
			sourceTree = "<group>";
		};
		77DFF5AC2B1E0A850034C519 /* sweetRainTests */ = {
			isa = PBXGroup;
			children = (
				77DFF5AD2B1E0A850034C519 /* sweetRainTests.swift */,
			);
			path = sweetRainTests;
			sourceTree = "<group>";
		};
		77DFF5B62B1E0A850034C519 /* sweetRainUITests */ = {
			isa = PBXGroup;
			children = (
				77DFF5B72B1E0A850034C519 /* sweetRainUITests.swift */,
				77DFF5B92B1E0A850034C519 /* sweetRainUITestsLaunchTests.swift */,
			);
			path = sweetRainUITests;
			sourceTree = "<group>";
		};
		77DFF5C62B1E20570034C519 /* Shared */ = {
			isa = PBXGroup;
			children = (
				77DFF5CB2B1E210D0034C519 /* CustomSegmentedControllerView.swift */,
				77DFF5DB2B1E26420034C519 /* WeatherCollectionView.swift */,
				77EA28C42B1F43A5007E0559 /* CustomLabel.swift */,
				77EA28D82B1F5235007E0559 /* CustomWeatherView.swift */,
				77EA28DA2B1F5845007E0559 /* WeatherCollectionViewCell.swift */,
			);
			path = Shared;
			sourceTree = "<group>";
		};
		77DFF5C72B1E205F0034C519 /* Scene */ = {
			isa = PBXGroup;
			children = (
				77DFF5D22B1E21710034C519 /* Weekly */,
				77DFF5D12B1E21650034C519 /* Today */,
				77DFF5D32B1E218B0034C519 /* Settings */,
			);
			path = Scene;
			sourceTree = "<group>";
		};
		77DFF5C82B1E20850034C519 /* Service */ = {
			isa = PBXGroup;
			children = (
				77DFF5CD2B1E211D0034C519 /* NetworkService.swift */,
			);
			path = Service;
			sourceTree = "<group>";
		};
		77DFF5CA2B1E20960034C519 /* Utils */ = {
			isa = PBXGroup;
			children = (
				77DFF5CF2B1E21290034C519 /* Util.swift */,
			);
			path = Utils;
			sourceTree = "<group>";
		};
		77DFF5D12B1E21650034C519 /* Today */ = {
			isa = PBXGroup;
			children = (
				77DFF59A2B1E0A830034C519 /* TodayViewController.swift */,
				77EA28BA2B1F3FEC007E0559 /* TodayViewModel.swift */,
				77EA28C22B1F40AF007E0559 /* TodayView.swift */,
			);
			path = Today;
			sourceTree = "<group>";
		};
		77DFF5D22B1E21710034C519 /* Weekly */ = {
			isa = PBXGroup;
			children = (
				77DFF5D42B1E21D00034C519 /* WeeklyViewController.swift */,
				77EA28BC2B1F3FF7007E0559 /* WeeklyViewModel.swift */,
			);
			path = Weekly;
			sourceTree = "<group>";
		};
		77DFF5D32B1E218B0034C519 /* Settings */ = {
			isa = PBXGroup;
			children = (
				77DFF5D62B1E21E40034C519 /* SettingViewController.swift */,
				77EA28BE2B1F4004007E0559 /* SettingViewModel.swift */,
			);
			path = Settings;
			sourceTree = "<group>";
		};
		77DFF5DD2B1E29650034C519 /* Extension */ = {
			isa = PBXGroup;
			children = (
				77DFF5DE2B1E29780034C519 /* UICollectionViewCell+.swift */,
				77EA28B82B1F1DD4007E0559 /* UIColor+.swift */,
				77EA28D62B1F4741007E0559 /* UIFont+.swift */,
			);
			path = Extension;
			sourceTree = "<group>";
		};
		77EA28B32B1F0D24007E0559 /* Model */ = {
			isa = PBXGroup;
			children = (
				77EA28B42B1F0D3E007E0559 /* CurrentWeather.swift */,
				77EA28B62B1F0D5C007E0559 /* WeeklyWeather.swift */,
			);
			path = Model;
			sourceTree = "<group>";
		};
		77EA28C62B1F45BD007E0559 /* Font */ = {
			isa = PBXGroup;
			children = (
				77EA28D22B1F4662007E0559 /* D2Coding-Bold.ttf */,
				77EA28D32B1F4662007E0559 /* D2Coding-Regular.ttf */,
			);
			path = Font;
			sourceTree = "<group>";
		};
		77EA28D12B1F4644007E0559 /* Resource */ = {
			isa = PBXGroup;
			children = (
				77DFF5962B1E0A830034C519 /* AppDelegate.swift */,
				77DFF5982B1E0A830034C519 /* SceneDelegate.swift */,
				77DFF59F2B1E0A840034C519 /* Assets.xcassets */,
				77DFF5A12B1E0A840034C519 /* LaunchScreen.storyboard */,
				77DFF5A42B1E0A840034C519 /* Info.plist */,
				77EA28C62B1F45BD007E0559 /* Font */,
			);
			path = Resource;
			sourceTree = "<group>";
		};
/* End PBXGroup section */

/* Begin PBXNativeTarget section */
		77DFF5922B1E0A830034C519 /* sweetRain */ = {
			isa = PBXNativeTarget;
			buildConfigurationList = 77DFF5BD2B1E0A850034C519 /* Build configuration list for PBXNativeTarget "sweetRain" */;
			buildPhases = (
				77DFF58F2B1E0A830034C519 /* Sources */,
				77DFF5902B1E0A830034C519 /* Frameworks */,
				77DFF5912B1E0A830034C519 /* Resources */,
			);
			buildRules = (
			);
			dependencies = (
			);
			name = sweetRain;
			packageProductDependencies = (
				77DFF5D92B1E23D30034C519 /* SnapKit */,
			);
			productName = sweetRain;
			productReference = 77DFF5932B1E0A830034C519 /* sweetRain.app */;
			productType = "com.apple.product-type.application";
		};
		77DFF5A82B1E0A850034C519 /* sweetRainTests */ = {
			isa = PBXNativeTarget;
			buildConfigurationList = 77DFF5C02B1E0A850034C519 /* Build configuration list for PBXNativeTarget "sweetRainTests" */;
			buildPhases = (
				77DFF5A52B1E0A850034C519 /* Sources */,
				77DFF5A62B1E0A850034C519 /* Frameworks */,
				77DFF5A72B1E0A850034C519 /* Resources */,
			);
			buildRules = (
			);
			dependencies = (
				77DFF5AB2B1E0A850034C519 /* PBXTargetDependency */,
			);
			name = sweetRainTests;
			productName = sweetRainTests;
			productReference = 77DFF5A92B1E0A850034C519 /* sweetRainTests.xctest */;
			productType = "com.apple.product-type.bundle.unit-test";
		};
		77DFF5B22B1E0A850034C519 /* sweetRainUITests */ = {
			isa = PBXNativeTarget;
			buildConfigurationList = 77DFF5C32B1E0A850034C519 /* Build configuration list for PBXNativeTarget "sweetRainUITests" */;
			buildPhases = (
				77DFF5AF2B1E0A850034C519 /* Sources */,
				77DFF5B02B1E0A850034C519 /* Frameworks */,
				77DFF5B12B1E0A850034C519 /* Resources */,
			);
			buildRules = (
			);
			dependencies = (
				77DFF5B52B1E0A850034C519 /* PBXTargetDependency */,
			);
			name = sweetRainUITests;
			productName = sweetRainUITests;
			productReference = 77DFF5B32B1E0A850034C519 /* sweetRainUITests.xctest */;
			productType = "com.apple.product-type.bundle.ui-testing";
		};
/* End PBXNativeTarget section */

/* Begin PBXProject section */
		77DFF58B2B1E0A830034C519 /* Project object */ = {
			isa = PBXProject;
			attributes = {
				BuildIndependentTargetsInParallel = 1;
				LastSwiftUpdateCheck = 1430;
				LastUpgradeCheck = 1430;
				TargetAttributes = {
					77DFF5922B1E0A830034C519 = {
						CreatedOnToolsVersion = 14.3.1;
					};
					77DFF5A82B1E0A850034C519 = {
						CreatedOnToolsVersion = 14.3.1;
						TestTargetID = 77DFF5922B1E0A830034C519;
					};
					77DFF5B22B1E0A850034C519 = {
						CreatedOnToolsVersion = 14.3.1;
						TestTargetID = 77DFF5922B1E0A830034C519;
					};
				};
			};
			buildConfigurationList = 77DFF58E2B1E0A830034C519 /* Build configuration list for PBXProject "sweetRain" */;
			compatibilityVersion = "Xcode 14.0";
			developmentRegion = en;
			hasScannedForEncodings = 0;
			knownRegions = (
				en,
				Base,
			);
			mainGroup = 77DFF58A2B1E0A830034C519;
			packageReferences = (
				77DFF5D82B1E23D30034C519 /* XCRemoteSwiftPackageReference "SnapKit" */,
			);
			productRefGroup = 77DFF5942B1E0A830034C519 /* Products */;
			projectDirPath = "";
			projectRoot = "";
			targets = (
				77DFF5922B1E0A830034C519 /* sweetRain */,
				77DFF5A82B1E0A850034C519 /* sweetRainTests */,
				77DFF5B22B1E0A850034C519 /* sweetRainUITests */,
			);
		};
/* End PBXProject section */

/* Begin PBXResourcesBuildPhase section */
		77DFF5912B1E0A830034C519 /* Resources */ = {
			isa = PBXResourcesBuildPhase;
			buildActionMask = 2147483647;
			files = (
				77DFF5A32B1E0A840034C519 /* LaunchScreen.storyboard in Resources */,
				77EA28D52B1F4662007E0559 /* D2Coding-Regular.ttf in Resources */,
				77EA28D42B1F4662007E0559 /* D2Coding-Bold.ttf in Resources */,
				77DFF5A02B1E0A840034C519 /* Assets.xcassets in Resources */,
			);
			runOnlyForDeploymentPostprocessing = 0;
		};
		77DFF5A72B1E0A850034C519 /* Resources */ = {
			isa = PBXResourcesBuildPhase;
			buildActionMask = 2147483647;
			files = (
			);
			runOnlyForDeploymentPostprocessing = 0;
		};
		77DFF5B12B1E0A850034C519 /* Resources */ = {
			isa = PBXResourcesBuildPhase;
			buildActionMask = 2147483647;
			files = (
			);
			runOnlyForDeploymentPostprocessing = 0;
		};
/* End PBXResourcesBuildPhase section */

/* Begin PBXSourcesBuildPhase section */
		77DFF58F2B1E0A830034C519 /* Sources */ = {
			isa = PBXSourcesBuildPhase;
			buildActionMask = 2147483647;
			files = (
				77DFF5D52B1E21D00034C519 /* WeeklyViewController.swift in Sources */,
				77EA28C52B1F43A5007E0559 /* CustomLabel.swift in Sources */,
				77EA28D72B1F4741007E0559 /* UIFont+.swift in Sources */,
				77EA28B52B1F0D3E007E0559 /* CurrentWeather.swift in Sources */,
				77EA28D92B1F5235007E0559 /* CustomWeatherView.swift in Sources */,
				77DFF5CE2B1E211D0034C519 /* NetworkService.swift in Sources */,
				77EA28DB2B1F5845007E0559 /* WeatherCollectionViewCell.swift in Sources */,
				77DFF5D02B1E21290034C519 /* Util.swift in Sources */,
				77EA28B72B1F0D5C007E0559 /* WeeklyWeather.swift in Sources */,
				77DFF5D72B1E21E40034C519 /* SettingViewController.swift in Sources */,
				77DFF59B2B1E0A830034C519 /* TodayViewController.swift in Sources */,
				77DFF5DC2B1E26420034C519 /* WeatherCollectionView.swift in Sources */,
				77EA28C32B1F40AF007E0559 /* TodayView.swift in Sources */,
				77EA28BB2B1F3FED007E0559 /* TodayViewModel.swift in Sources */,
				77DFF5972B1E0A830034C519 /* AppDelegate.swift in Sources */,
				77DFF5992B1E0A830034C519 /* SceneDelegate.swift in Sources */,
				77EA28BF2B1F4004007E0559 /* SettingViewModel.swift in Sources */,
				77EA28BD2B1F3FF7007E0559 /* WeeklyViewModel.swift in Sources */,
				77EA28B92B1F1DD4007E0559 /* UIColor+.swift in Sources */,
				77DFF5DF2B1E29780034C519 /* UICollectionViewCell+.swift in Sources */,
				77DFF5CC2B1E210D0034C519 /* CustomSegmentedControllerView.swift in Sources */,
			);
			runOnlyForDeploymentPostprocessing = 0;
		};
		77DFF5A52B1E0A850034C519 /* Sources */ = {
			isa = PBXSourcesBuildPhase;
			buildActionMask = 2147483647;
			files = (
				77DFF5AE2B1E0A850034C519 /* sweetRainTests.swift in Sources */,
			);
			runOnlyForDeploymentPostprocessing = 0;
		};
		77DFF5AF2B1E0A850034C519 /* Sources */ = {
			isa = PBXSourcesBuildPhase;
			buildActionMask = 2147483647;
			files = (
				77DFF5B82B1E0A850034C519 /* sweetRainUITests.swift in Sources */,
				77DFF5BA2B1E0A850034C519 /* sweetRainUITestsLaunchTests.swift in Sources */,
			);
			runOnlyForDeploymentPostprocessing = 0;
		};
/* End PBXSourcesBuildPhase section */

/* Begin PBXTargetDependency section */
		77DFF5AB2B1E0A850034C519 /* PBXTargetDependency */ = {
			isa = PBXTargetDependency;
			target = 77DFF5922B1E0A830034C519 /* sweetRain */;
			targetProxy = 77DFF5AA2B1E0A850034C519 /* PBXContainerItemProxy */;
		};
		77DFF5B52B1E0A850034C519 /* PBXTargetDependency */ = {
			isa = PBXTargetDependency;
			target = 77DFF5922B1E0A830034C519 /* sweetRain */;
			targetProxy = 77DFF5B42B1E0A850034C519 /* PBXContainerItemProxy */;
		};
/* End PBXTargetDependency section */

/* Begin PBXVariantGroup section */
		77DFF5A12B1E0A840034C519 /* LaunchScreen.storyboard */ = {
			isa = PBXVariantGroup;
			children = (
				77DFF5A22B1E0A840034C519 /* Base */,
			);
			name = LaunchScreen.storyboard;
			sourceTree = "<group>";
		};
/* End PBXVariantGroup section */

/* Begin XCBuildConfiguration section */
		77DFF5BB2B1E0A850034C519 /* Debug */ = {
			isa = XCBuildConfiguration;
			buildSettings = {
				ALWAYS_SEARCH_USER_PATHS = NO;
				CLANG_ANALYZER_NONNULL = YES;
				CLANG_ANALYZER_NUMBER_OBJECT_CONVERSION = YES_AGGRESSIVE;
				CLANG_CXX_LANGUAGE_STANDARD = "gnu++20";
				CLANG_ENABLE_MODULES = YES;
				CLANG_ENABLE_OBJC_ARC = YES;
				CLANG_ENABLE_OBJC_WEAK = YES;
				CLANG_WARN_BLOCK_CAPTURE_AUTORELEASING = YES;
				CLANG_WARN_BOOL_CONVERSION = YES;
				CLANG_WARN_COMMA = YES;
				CLANG_WARN_CONSTANT_CONVERSION = YES;
				CLANG_WARN_DEPRECATED_OBJC_IMPLEMENTATIONS = YES;
				CLANG_WARN_DIRECT_OBJC_ISA_USAGE = YES_ERROR;
				CLANG_WARN_DOCUMENTATION_COMMENTS = YES;
				CLANG_WARN_EMPTY_BODY = YES;
				CLANG_WARN_ENUM_CONVERSION = YES;
				CLANG_WARN_INFINITE_RECURSION = YES;
				CLANG_WARN_INT_CONVERSION = YES;
				CLANG_WARN_NON_LITERAL_NULL_CONVERSION = YES;
				CLANG_WARN_OBJC_IMPLICIT_RETAIN_SELF = YES;
				CLANG_WARN_OBJC_LITERAL_CONVERSION = YES;
				CLANG_WARN_OBJC_ROOT_CLASS = YES_ERROR;
				CLANG_WARN_QUOTED_INCLUDE_IN_FRAMEWORK_HEADER = YES;
				CLANG_WARN_RANGE_LOOP_ANALYSIS = YES;
				CLANG_WARN_STRICT_PROTOTYPES = YES;
				CLANG_WARN_SUSPICIOUS_MOVE = YES;
				CLANG_WARN_UNGUARDED_AVAILABILITY = YES_AGGRESSIVE;
				CLANG_WARN_UNREACHABLE_CODE = YES;
				CLANG_WARN__DUPLICATE_METHOD_MATCH = YES;
				COPY_PHASE_STRIP = NO;
				DEBUG_INFORMATION_FORMAT = dwarf;
				ENABLE_STRICT_OBJC_MSGSEND = YES;
				ENABLE_TESTABILITY = YES;
				GCC_C_LANGUAGE_STANDARD = gnu11;
				GCC_DYNAMIC_NO_PIC = NO;
				GCC_NO_COMMON_BLOCKS = YES;
				GCC_OPTIMIZATION_LEVEL = 0;
				GCC_PREPROCESSOR_DEFINITIONS = (
					"DEBUG=1",
					"$(inherited)",
				);
				GCC_WARN_64_TO_32_BIT_CONVERSION = YES;
				GCC_WARN_ABOUT_RETURN_TYPE = YES_ERROR;
				GCC_WARN_UNDECLARED_SELECTOR = YES;
				GCC_WARN_UNINITIALIZED_AUTOS = YES_AGGRESSIVE;
				GCC_WARN_UNUSED_FUNCTION = YES;
				GCC_WARN_UNUSED_VARIABLE = YES;
				IPHONEOS_DEPLOYMENT_TARGET = 16.4;
				MTL_ENABLE_DEBUG_INFO = INCLUDE_SOURCE;
				MTL_FAST_MATH = YES;
				ONLY_ACTIVE_ARCH = YES;
				SDKROOT = iphoneos;
				SWIFT_ACTIVE_COMPILATION_CONDITIONS = DEBUG;
				SWIFT_OPTIMIZATION_LEVEL = "-Onone";
			};
			name = Debug;
		};
		77DFF5BC2B1E0A850034C519 /* Release */ = {
			isa = XCBuildConfiguration;
			buildSettings = {
				ALWAYS_SEARCH_USER_PATHS = NO;
				CLANG_ANALYZER_NONNULL = YES;
				CLANG_ANALYZER_NUMBER_OBJECT_CONVERSION = YES_AGGRESSIVE;
				CLANG_CXX_LANGUAGE_STANDARD = "gnu++20";
				CLANG_ENABLE_MODULES = YES;
				CLANG_ENABLE_OBJC_ARC = YES;
				CLANG_ENABLE_OBJC_WEAK = YES;
				CLANG_WARN_BLOCK_CAPTURE_AUTORELEASING = YES;
				CLANG_WARN_BOOL_CONVERSION = YES;
				CLANG_WARN_COMMA = YES;
				CLANG_WARN_CONSTANT_CONVERSION = YES;
				CLANG_WARN_DEPRECATED_OBJC_IMPLEMENTATIONS = YES;
				CLANG_WARN_DIRECT_OBJC_ISA_USAGE = YES_ERROR;
				CLANG_WARN_DOCUMENTATION_COMMENTS = YES;
				CLANG_WARN_EMPTY_BODY = YES;
				CLANG_WARN_ENUM_CONVERSION = YES;
				CLANG_WARN_INFINITE_RECURSION = YES;
				CLANG_WARN_INT_CONVERSION = YES;
				CLANG_WARN_NON_LITERAL_NULL_CONVERSION = YES;
				CLANG_WARN_OBJC_IMPLICIT_RETAIN_SELF = YES;
				CLANG_WARN_OBJC_LITERAL_CONVERSION = YES;
				CLANG_WARN_OBJC_ROOT_CLASS = YES_ERROR;
				CLANG_WARN_QUOTED_INCLUDE_IN_FRAMEWORK_HEADER = YES;
				CLANG_WARN_RANGE_LOOP_ANALYSIS = YES;
				CLANG_WARN_STRICT_PROTOTYPES = YES;
				CLANG_WARN_SUSPICIOUS_MOVE = YES;
				CLANG_WARN_UNGUARDED_AVAILABILITY = YES_AGGRESSIVE;
				CLANG_WARN_UNREACHABLE_CODE = YES;
				CLANG_WARN__DUPLICATE_METHOD_MATCH = YES;
				COPY_PHASE_STRIP = NO;
				DEBUG_INFORMATION_FORMAT = "dwarf-with-dsym";
				ENABLE_NS_ASSERTIONS = NO;
				ENABLE_STRICT_OBJC_MSGSEND = YES;
				GCC_C_LANGUAGE_STANDARD = gnu11;
				GCC_NO_COMMON_BLOCKS = YES;
				GCC_WARN_64_TO_32_BIT_CONVERSION = YES;
				GCC_WARN_ABOUT_RETURN_TYPE = YES_ERROR;
				GCC_WARN_UNDECLARED_SELECTOR = YES;
				GCC_WARN_UNINITIALIZED_AUTOS = YES_AGGRESSIVE;
				GCC_WARN_UNUSED_FUNCTION = YES;
				GCC_WARN_UNUSED_VARIABLE = YES;
				IPHONEOS_DEPLOYMENT_TARGET = 16.4;
				MTL_ENABLE_DEBUG_INFO = NO;
				MTL_FAST_MATH = YES;
				SDKROOT = iphoneos;
				SWIFT_COMPILATION_MODE = wholemodule;
				SWIFT_OPTIMIZATION_LEVEL = "-O";
				VALIDATE_PRODUCT = YES;
			};
			name = Release;
		};
		77DFF5BE2B1E0A850034C519 /* Debug */ = {
			isa = XCBuildConfiguration;
			buildSettings = {
				ASSETCATALOG_COMPILER_APPICON_NAME = AppIcon;
				ASSETCATALOG_COMPILER_GLOBAL_ACCENT_COLOR_NAME = AccentColor;
				CODE_SIGN_STYLE = Automatic;
				CURRENT_PROJECT_VERSION = 1;
				DEVELOPMENT_TEAM = USP329MK32;
				GENERATE_INFOPLIST_FILE = YES;
				INFOPLIST_FILE = sweetRain/Resource/Info.plist;
				INFOPLIST_KEY_UIApplicationSupportsIndirectInputEvents = YES;
				INFOPLIST_KEY_UILaunchStoryboardName = LaunchScreen;
				INFOPLIST_KEY_UISupportedInterfaceOrientations_iPad = "UIInterfaceOrientationPortrait UIInterfaceOrientationPortraitUpsideDown UIInterfaceOrientationLandscapeLeft UIInterfaceOrientationLandscapeRight";
				INFOPLIST_KEY_UISupportedInterfaceOrientations_iPhone = "UIInterfaceOrientationPortrait UIInterfaceOrientationLandscapeLeft UIInterfaceOrientationLandscapeRight";
				LD_RUNPATH_SEARCH_PATHS = (
					"$(inherited)",
					"@executable_path/Frameworks",
				);
				MARKETING_VERSION = 1.0;
				PRODUCT_BUNDLE_IDENTIFIER = danbi.sweetRain;
				PRODUCT_NAME = "$(TARGET_NAME)";
				SWIFT_EMIT_LOC_STRINGS = YES;
				SWIFT_VERSION = 5.0;
				TARGETED_DEVICE_FAMILY = "1,2";
			};
			name = Debug;
		};
		77DFF5BF2B1E0A850034C519 /* Release */ = {
			isa = XCBuildConfiguration;
			buildSettings = {
				ASSETCATALOG_COMPILER_APPICON_NAME = AppIcon;
				ASSETCATALOG_COMPILER_GLOBAL_ACCENT_COLOR_NAME = AccentColor;
				CODE_SIGN_STYLE = Automatic;
				CURRENT_PROJECT_VERSION = 1;
				DEVELOPMENT_TEAM = USP329MK32;
				GENERATE_INFOPLIST_FILE = YES;
				INFOPLIST_FILE = sweetRain/Resource/Info.plist;
				INFOPLIST_KEY_UIApplicationSupportsIndirectInputEvents = YES;
				INFOPLIST_KEY_UILaunchStoryboardName = LaunchScreen;
				INFOPLIST_KEY_UISupportedInterfaceOrientations_iPad = "UIInterfaceOrientationPortrait UIInterfaceOrientationPortraitUpsideDown UIInterfaceOrientationLandscapeLeft UIInterfaceOrientationLandscapeRight";
				INFOPLIST_KEY_UISupportedInterfaceOrientations_iPhone = "UIInterfaceOrientationPortrait UIInterfaceOrientationLandscapeLeft UIInterfaceOrientationLandscapeRight";
				LD_RUNPATH_SEARCH_PATHS = (
					"$(inherited)",
					"@executable_path/Frameworks",
				);
				MARKETING_VERSION = 1.0;
				PRODUCT_BUNDLE_IDENTIFIER = danbi.sweetRain;
				PRODUCT_NAME = "$(TARGET_NAME)";
				SWIFT_EMIT_LOC_STRINGS = YES;
				SWIFT_VERSION = 5.0;
				TARGETED_DEVICE_FAMILY = "1,2";
			};
			name = Release;
		};
		77DFF5C12B1E0A850034C519 /* Debug */ = {
			isa = XCBuildConfiguration;
			buildSettings = {
				ALWAYS_EMBED_SWIFT_STANDARD_LIBRARIES = YES;
				BUNDLE_LOADER = "$(TEST_HOST)";
				CODE_SIGN_STYLE = Automatic;
				CURRENT_PROJECT_VERSION = 1;
				DEVELOPMENT_TEAM = USP329MK32;
				GENERATE_INFOPLIST_FILE = YES;
				IPHONEOS_DEPLOYMENT_TARGET = 16.4;
				MARKETING_VERSION = 1.0;
				PRODUCT_BUNDLE_IDENTIFIER = danbi.sweetRainTests;
				PRODUCT_NAME = "$(TARGET_NAME)";
				SWIFT_EMIT_LOC_STRINGS = NO;
				SWIFT_VERSION = 5.0;
				TARGETED_DEVICE_FAMILY = "1,2";
				TEST_HOST = "$(BUILT_PRODUCTS_DIR)/sweetRain.app/$(BUNDLE_EXECUTABLE_FOLDER_PATH)/sweetRain";
			};
			name = Debug;
		};
		77DFF5C22B1E0A850034C519 /* Release */ = {
			isa = XCBuildConfiguration;
			buildSettings = {
				ALWAYS_EMBED_SWIFT_STANDARD_LIBRARIES = YES;
				BUNDLE_LOADER = "$(TEST_HOST)";
				CODE_SIGN_STYLE = Automatic;
				CURRENT_PROJECT_VERSION = 1;
				DEVELOPMENT_TEAM = USP329MK32;
				GENERATE_INFOPLIST_FILE = YES;
				IPHONEOS_DEPLOYMENT_TARGET = 16.4;
				MARKETING_VERSION = 1.0;
				PRODUCT_BUNDLE_IDENTIFIER = danbi.sweetRainTests;
				PRODUCT_NAME = "$(TARGET_NAME)";
				SWIFT_EMIT_LOC_STRINGS = NO;
				SWIFT_VERSION = 5.0;
				TARGETED_DEVICE_FAMILY = "1,2";
				TEST_HOST = "$(BUILT_PRODUCTS_DIR)/sweetRain.app/$(BUNDLE_EXECUTABLE_FOLDER_PATH)/sweetRain";
			};
			name = Release;
		};
		77DFF5C42B1E0A850034C519 /* Debug */ = {
			isa = XCBuildConfiguration;
			buildSettings = {
				ALWAYS_EMBED_SWIFT_STANDARD_LIBRARIES = YES;
				CODE_SIGN_STYLE = Automatic;
				CURRENT_PROJECT_VERSION = 1;
				DEVELOPMENT_TEAM = USP329MK32;
				GENERATE_INFOPLIST_FILE = YES;
				MARKETING_VERSION = 1.0;
				PRODUCT_BUNDLE_IDENTIFIER = danbi.sweetRainUITests;
				PRODUCT_NAME = "$(TARGET_NAME)";
				SWIFT_EMIT_LOC_STRINGS = NO;
				SWIFT_VERSION = 5.0;
				TARGETED_DEVICE_FAMILY = "1,2";
				TEST_TARGET_NAME = sweetRain;
			};
			name = Debug;
		};
		77DFF5C52B1E0A850034C519 /* Release */ = {
			isa = XCBuildConfiguration;
			buildSettings = {
				ALWAYS_EMBED_SWIFT_STANDARD_LIBRARIES = YES;
				CODE_SIGN_STYLE = Automatic;
				CURRENT_PROJECT_VERSION = 1;
				DEVELOPMENT_TEAM = USP329MK32;
				GENERATE_INFOPLIST_FILE = YES;
				MARKETING_VERSION = 1.0;
				PRODUCT_BUNDLE_IDENTIFIER = danbi.sweetRainUITests;
				PRODUCT_NAME = "$(TARGET_NAME)";
				SWIFT_EMIT_LOC_STRINGS = NO;
				SWIFT_VERSION = 5.0;
				TARGETED_DEVICE_FAMILY = "1,2";
				TEST_TARGET_NAME = sweetRain;
			};
			name = Release;
		};
/* End XCBuildConfiguration section */

/* Begin XCConfigurationList section */
		77DFF58E2B1E0A830034C519 /* Build configuration list for PBXProject "sweetRain" */ = {
			isa = XCConfigurationList;
			buildConfigurations = (
				77DFF5BB2B1E0A850034C519 /* Debug */,
				77DFF5BC2B1E0A850034C519 /* Release */,
			);
			defaultConfigurationIsVisible = 0;
			defaultConfigurationName = Release;
		};
		77DFF5BD2B1E0A850034C519 /* Build configuration list for PBXNativeTarget "sweetRain" */ = {
			isa = XCConfigurationList;
			buildConfigurations = (
				77DFF5BE2B1E0A850034C519 /* Debug */,
				77DFF5BF2B1E0A850034C519 /* Release */,
			);
			defaultConfigurationIsVisible = 0;
			defaultConfigurationName = Release;
		};
		77DFF5C02B1E0A850034C519 /* Build configuration list for PBXNativeTarget "sweetRainTests" */ = {
			isa = XCConfigurationList;
			buildConfigurations = (
				77DFF5C12B1E0A850034C519 /* Debug */,
				77DFF5C22B1E0A850034C519 /* Release */,
			);
			defaultConfigurationIsVisible = 0;
			defaultConfigurationName = Release;
		};
		77DFF5C32B1E0A850034C519 /* Build configuration list for PBXNativeTarget "sweetRainUITests" */ = {
			isa = XCConfigurationList;
			buildConfigurations = (
				77DFF5C42B1E0A850034C519 /* Debug */,
				77DFF5C52B1E0A850034C519 /* Release */,
			);
			defaultConfigurationIsVisible = 0;
			defaultConfigurationName = Release;
		};
/* End XCConfigurationList section */

/* Begin XCRemoteSwiftPackageReference section */
		77DFF5D82B1E23D30034C519 /* XCRemoteSwiftPackageReference "SnapKit" */ = {
			isa = XCRemoteSwiftPackageReference;
			repositoryURL = "https://github.com/SnapKit/SnapKit";
			requirement = {
				kind = upToNextMajorVersion;
				minimumVersion = 5.0.0;
			};
		};
/* End XCRemoteSwiftPackageReference section */

/* Begin XCSwiftPackageProductDependency section */
		77DFF5D92B1E23D30034C519 /* SnapKit */ = {
			isa = XCSwiftPackageProductDependency;
			package = 77DFF5D82B1E23D30034C519 /* XCRemoteSwiftPackageReference "SnapKit" */;
			productName = SnapKit;
		};
/* End XCSwiftPackageProductDependency section */
	};
	rootObject = 77DFF58B2B1E0A830034C519 /* Project object */;
}
